
Microsoft Visual Studio Solution File, Format Version 12.00
# Visual Studio 2013
VisualStudioVersion = 12.0.30501.0
MinimumVisualStudioVersion = 10.0.40219.1
Project("{FAE04EC0-301F-11D3-BF4B-00C04F79EFBC}") = "FizzBuzzConsole", "FizzBuzzConsole.csproj", "{7C9B6DDA-21FB-44C8-9D06-5952F454CE2C}"
EndProject
Project("{FAE04EC0-301F-11D3-BF4B-00C04F79EFBC}") = "FizzBuzzLib", "..\FizzBuzzLib\FizzBuzzLib.csproj", "{6B4FC84B-1356-4B03-8FC3-C7746097FECD}"
EndProject
Project("{FAE04EC0-301F-11D3-BF4B-00C04F79EFBC}") = "FizzBuzzLibTests", "FizzBuzzLibTests\FizzBuzzLibTests.csproj", "{121C7A59-AC12-4299-80CB-2C9B4F2A8066}"
EndProject
Project("{FAE04EC0-301F-11D3-BF4B-00C04F79EFBC}") = "FizzBuzzWpf", "..\FizzBuzzWpf\FizzBuzzWpf.csproj", "{23D1FB3D-492E-4E84-BC3A-A6A62910C0E9}"
EndProject
Project("{FAE04EC0-301F-11D3-BF4B-00C04F79EFBC}") = "CSVReader", "..\CSVReader\CSVReader.csproj", "{718C32A9-5238-42DF-9CEA-52BE1D21E054}"
EndProject
Global
	GlobalSection(SolutionConfigurationPlatforms) = preSolution
		Debug|Any CPU = Debug|Any CPU
		Release|Any CPU = Release|Any CPU
	EndGlobalSection
	GlobalSection(ProjectConfigurationPlatforms) = postSolution
		{7C9B6DDA-21FB-44C8-9D06-5952F454CE2C}.Debug|Any CPU.ActiveCfg = Debug|Any CPU
		{7C9B6DDA-21FB-44C8-9D06-5952F454CE2C}.Debug|Any CPU.Build.0 = Debug|Any CPU
		{7C9B6DDA-21FB-44C8-9D06-5952F454CE2C}.Release|Any CPU.ActiveCfg = Release|Any CPU
		{7C9B6DDA-21FB-44C8-9D06-5952F454CE2C}.Release|Any CPU.Build.0 = Release|Any CPU
		{6B4FC84B-1356-4B03-8FC3-C7746097FECD}.Debug|Any CPU.ActiveCfg = Debug|Any CPU
		{6B4FC84B-1356-4B03-8FC3-C7746097FECD}.Debug|Any CPU.Build.0 = Debug|Any CPU
		{6B4FC84B-1356-4B03-8FC3-C7746097FECD}.Release|Any CPU.ActiveCfg = Release|Any CPU
		{6B4FC84B-1356-4B03-8FC3-C7746097FECD}.Release|Any CPU.Build.0 = Release|Any CPU
		{121C7A59-AC12-4299-80CB-2C9B4F2A8066}.Debug|Any CPU.ActiveCfg = Debug|Any CPU
		{121C7A59-AC12-4299-80CB-2C9B4F2A8066}.Debug|Any CPU.Build.0 = Debug|Any CPU
		{121C7A59-AC12-4299-80CB-2C9B4F2A8066}.Release|Any CPU.ActiveCfg = Release|Any CPU
		{121C7A59-AC12-4299-80CB-2C9B4F2A8066}.Release|Any CPU.Build.0 = Release|Any CPU
		{23D1FB3D-492E-4E84-BC3A-A6A62910C0E9}.Debug|Any CPU.ActiveCfg = Debug|Any CPU
		{23D1FB3D-492E-4E84-BC3A-A6A62910C0E9}.Debug|Any CPU.Build.0 = Debug|Any CPU
		{23D1FB3D-492E-4E84-BC3A-A6A62910C0E9}.Release|Any CPU.ActiveCfg = Release|Any CPU
		{23D1FB3D-492E-4E84-BC3A-A6A62910C0E9}.Release|Any CPU.Build.0 = Release|Any CPU
		{718C32A9-5238-42DF-9CEA-52BE1D21E054}.Debug|Any CPU.ActiveCfg = Debug|Any CPU
		{718C32A9-5238-42DF-9CEA-52BE1D21E054}.Debug|Any CPU.Build.0 = Debug|Any CPU
		{718C32A9-5238-42DF-9CEA-52BE1D21E054}.Release|Any CPU.ActiveCfg = Release|Any CPU
		{718C32A9-5238-42DF-9CEA-52BE1D21E054}.Release|Any CPU.Build.0 = Release|Any CPU
	EndGlobalSection
	GlobalSection(SolutionProperties) = preSolution
		HideSolutionNode = FALSE
	EndGlobalSection
EndGlobal
